
Microsoft Visual Studio Solution File, Format Version 12.00
Project("{FAE04EC0-301F-11D3-BF4B-00C04F79EFBC}") = "USSCCardShuffler", "USSCCardShuffler\USSCCardShuffler.csproj", "{930BA83E-D147-407A-850E-367E3279D0FD}"
EndProject
Project("{FAE04EC0-301F-11D3-BF4B-00C04F79EFBC}") = "USSCCSAPITests", "USSCCSAPITests\USSCCSAPITests.csproj", "{97AC1E5F-B364-4BC3-8496-BED1BF3971D2}"
EndProject
Global
	GlobalSection(SolutionConfigurationPlatforms) = preSolution
		Debug|Any CPU = Debug|Any CPU
		Release|Any CPU = Release|Any CPU
	EndGlobalSection
	GlobalSection(ProjectConfigurationPlatforms) = postSolution
		{930BA83E-D147-407A-850E-367E3279D0FD}.Debug|Any CPU.ActiveCfg = Debug|Any CPU
		{930BA83E-D147-407A-850E-367E3279D0FD}.Debug|Any CPU.Build.0 = Debug|Any CPU
		{930BA83E-D147-407A-850E-367E3279D0FD}.Release|Any CPU.ActiveCfg = Release|Any CPU
		{930BA83E-D147-407A-850E-367E3279D0FD}.Release|Any CPU.Build.0 = Release|Any CPU
		{97AC1E5F-B364-4BC3-8496-BED1BF3971D2}.Debug|Any CPU.ActiveCfg = Debug|Any CPU
		{97AC1E5F-B364-4BC3-8496-BED1BF3971D2}.Debug|Any CPU.Build.0 = Debug|Any CPU
		{97AC1E5F-B364-4BC3-8496-BED1BF3971D2}.Release|Any CPU.ActiveCfg = Release|Any CPU
		{97AC1E5F-B364-4BC3-8496-BED1BF3971D2}.Release|Any CPU.Build.0 = Release|Any CPU
	EndGlobalSection
EndGlobal
